<?xml version="1.0" encoding="utf-8"?>
<Project ToolsVersion="4.0" xmlns="http://schemas.microsoft.com/developer/msbuild/2003">
  <ItemGroup>
    <Filter Include="chunewhook">
      <UniqueIdentifier>{5a0663a4-77f1-43cc-9122-5fe75b7b8b02}</UniqueIdentifier>
    </Filter>
  </ItemGroup>
  <ItemGroup>
    <ClInclude Include="..\..\assert.h" />
    <ClInclude Include="..\..\precompiled.h" />
    <ClInclude Include="..\..\chunewhook\config.h">
      <Filter>chunewhook</Filter>
    </ClInclude>
    <ClInclude Include="..\..\chunewhook\io4.h">
      <Filter>chunewhook</Filter>
    </ClInclude>
    <ClInclude Include="..\..\chunewhook\slider.h">
      <Filter>chunewhook</Filter>
    </ClInclude>
  </ItemGroup>
  <ItemGroup>
    <ClCompile Include="..\..\chunewhook\config.c">
      <Filter>chunewhook</Filter>
    </ClCompile>
    <ClCompile Include="..\..\chunewhook\dllmain.c">
      <Filter>chunewhook</Filter>
    </ClCompile>
    <ClCompile Include="..\..\chunewhook\io4.c">
      <Filter>chunewhook</Filter>
    </ClCompile>
    <ClCompile Include="..\..\chunewhook\slider.c">
      <Filter>chunewhook</Filter>
    </ClCompile>
  </ItemGroup>
</Project>