
Microsoft Visual Studio Solution File, Format Version 12.00
# Visual Studio Version 16
VisualStudioVersion = 16.0.30523.141
MinimumVisualStudioVersion = 10.0.40219.1
Project("{8BC9CEB8-8B4A-11D0-8D11-00A0C91BC942}") = "hooklib", "hooklib\hooklib.vcxproj", "{FCB8B5C1-F806-4911-B15A-FEBFDCB63BC4}"
EndProject
Project("{8BC9CEB8-8B4A-11D0-8D11-00A0C91BC942}") = "inject", "inject\inject.vcxproj", "{89B9DE6D-0A5F-42CC-B1B4-E29D5931A164}"
EndProject
Project("{8BC9CEB8-8B4A-11D0-8D11-00A0C91BC942}") = "aimeio", "aimeio\aimeio.vcxproj", "{AEF85382-2348-4F5F-8A57-74C70F10BE57}"
EndProject
Project("{8BC9CEB8-8B4A-11D0-8D11-00A0C91BC942}") = "chuniio", "chuniio\chuniio.vcxproj", "{A35CDED7-08C1-49B7-BB42-26A1FF46627D}"
EndProject
Project("{8BC9CEB8-8B4A-11D0-8D11-00A0C91BC942}") = "chunihook", "chunihook\chunihook.vcxproj", "{DB4382BE-5535-4822-A9CA-D52B17AF283F}"
EndProject
Global
	GlobalSection(SolutionConfigurationPlatforms) = preSolution
		Debug|x64 = Debug|x64
		Debug|x86 = Debug|x86
		Release|x64 = Release|x64
		Release|x86 = Release|x86
	EndGlobalSection
	GlobalSection(ProjectConfigurationPlatforms) = postSolution
		{FCB8B5C1-F806-4911-B15A-FEBFDCB63BC4}.Debug|x64.ActiveCfg = Debug|x64
		{FCB8B5C1-F806-4911-B15A-FEBFDCB63BC4}.Debug|x64.Build.0 = Debug|x64
		{FCB8B5C1-F806-4911-B15A-FEBFDCB63BC4}.Debug|x86.ActiveCfg = Debug|Win32
		{FCB8B5C1-F806-4911-B15A-FEBFDCB63BC4}.Debug|x86.Build.0 = Debug|Win32
		{FCB8B5C1-F806-4911-B15A-FEBFDCB63BC4}.Release|x64.ActiveCfg = Release|x64
		{FCB8B5C1-F806-4911-B15A-FEBFDCB63BC4}.Release|x64.Build.0 = Release|x64
		{FCB8B5C1-F806-4911-B15A-FEBFDCB63BC4}.Release|x86.ActiveCfg = Release|Win32
		{FCB8B5C1-F806-4911-B15A-FEBFDCB63BC4}.Release|x86.Build.0 = Release|Win32
		{89B9DE6D-0A5F-42CC-B1B4-E29D5931A164}.Debug|x64.ActiveCfg = Debug|x64
		{89B9DE6D-0A5F-42CC-B1B4-E29D5931A164}.Debug|x64.Build.0 = Debug|x64
		{89B9DE6D-0A5F-42CC-B1B4-E29D5931A164}.Debug|x86.ActiveCfg = Debug|Win32
		{89B9DE6D-0A5F-42CC-B1B4-E29D5931A164}.Debug|x86.Build.0 = Debug|Win32
		{89B9DE6D-0A5F-42CC-B1B4-E29D5931A164}.Release|x64.ActiveCfg = Release|x64
		{89B9DE6D-0A5F-42CC-B1B4-E29D5931A164}.Release|x64.Build.0 = Release|x64
		{89B9DE6D-0A5F-42CC-B1B4-E29D5931A164}.Release|x86.ActiveCfg = Release|Win32
		{89B9DE6D-0A5F-42CC-B1B4-E29D5931A164}.Release|x86.Build.0 = Release|Win32
		{AEF85382-2348-4F5F-8A57-74C70F10BE57}.Debug|x64.ActiveCfg = Debug|x64
		{AEF85382-2348-4F5F-8A57-74C70F10BE57}.Debug|x64.Build.0 = Debug|x64
		{AEF85382-2348-4F5F-8A57-74C70F10BE57}.Debug|x86.ActiveCfg = Debug|Win32
		{AEF85382-2348-4F5F-8A57-74C70F10BE57}.Debug|x86.Build.0 = Debug|Win32
		{AEF85382-2348-4F5F-8A57-74C70F10BE57}.Release|x64.ActiveCfg = Release|x64
		{AEF85382-2348-4F5F-8A57-74C70F10BE57}.Release|x64.Build.0 = Release|x64
		{AEF85382-2348-4F5F-8A57-74C70F10BE57}.Release|x86.ActiveCfg = Release|Win32
		{AEF85382-2348-4F5F-8A57-74C70F10BE57}.Release|x86.Build.0 = Release|Win32
		{A35CDED7-08C1-49B7-BB42-26A1FF46627D}.Debug|x64.ActiveCfg = Debug|x64
		{A35CDED7-08C1-49B7-BB42-26A1FF46627D}.Debug|x64.Build.0 = Debug|x64
		{A35CDED7-08C1-49B7-BB42-26A1FF46627D}.Debug|x86.ActiveCfg = Debug|Win32
		{A35CDED7-08C1-49B7-BB42-26A1FF46627D}.Debug|x86.Build.0 = Debug|Win32
		{A35CDED7-08C1-49B7-BB42-26A1FF46627D}.Release|x64.ActiveCfg = Release|x64
		{A35CDED7-08C1-49B7-BB42-26A1FF46627D}.Release|x64.Build.0 = Release|x64
		{A35CDED7-08C1-49B7-BB42-26A1FF46627D}.Release|x86.ActiveCfg = Release|Win32
		{A35CDED7-08C1-49B7-BB42-26A1FF46627D}.Release|x86.Build.0 = Release|Win32
		{DB4382BE-5535-4822-A9CA-D52B17AF283F}.Debug|x64.ActiveCfg = Debug|x64
		{DB4382BE-5535-4822-A9CA-D52B17AF283F}.Debug|x64.Build.0 = Debug|x64
		{DB4382BE-5535-4822-A9CA-D52B17AF283F}.Debug|x86.ActiveCfg = Debug|Win32
		{DB4382BE-5535-4822-A9CA-D52B17AF283F}.Debug|x86.Build.0 = Debug|Win32
		{DB4382BE-5535-4822-A9CA-D52B17AF283F}.Release|x64.ActiveCfg = Release|x64
		{DB4382BE-5535-4822-A9CA-D52B17AF283F}.Release|x64.Build.0 = Release|x64
		{DB4382BE-5535-4822-A9CA-D52B17AF283F}.Release|x86.ActiveCfg = Release|Win32
		{DB4382BE-5535-4822-A9CA-D52B17AF283F}.Release|x86.Build.0 = Release|Win32
	EndGlobalSection
	GlobalSection(SolutionProperties) = preSolution
		HideSolutionNode = FALSE
	EndGlobalSection
	GlobalSection(ExtensibilityGlobals) = postSolution
		SolutionGuid = {C4051A77-E657-4344-B652-081CE32F0F29}
	EndGlobalSection
EndGlobal
